
Microsoft Visual Studio Solution File, Format Version 12.00
# Visual Studio 15
VisualStudioVersion = 15.0.28307.438
MinimumVisualStudioVersion = 10.0.40219.1
Project("{FAE04EC0-301F-11D3-BF4B-00C04F79EFBC}") = "BlackjackApplication", "Task2_Blackjack\BlackjackApplication.csproj", "{9353F98F-EA0C-4570-A24F-7D6B6C9B5034}"
EndProject
Project("{9A19103F-16F7-4668-BE54-9A1E7A4F7556}") = "BlackjackLibrary", "BlackjackLibrary\BlackjackLibrary.csproj", "{657B4780-8F2D-41C3-9DB8-F20BA27D217C}"
EndProject
Global
	GlobalSection(SolutionConfigurationPlatforms) = preSolution
		Debug|Any CPU = Debug|Any CPU
		Release|Any CPU = Release|Any CPU
	EndGlobalSection
	GlobalSection(ProjectConfigurationPlatforms) = postSolution
		{9353F98F-EA0C-4570-A24F-7D6B6C9B5034}.Debug|Any CPU.ActiveCfg = Debug|Any CPU
		{9353F98F-EA0C-4570-A24F-7D6B6C9B5034}.Debug|Any CPU.Build.0 = Debug|Any CPU
		{9353F98F-EA0C-4570-A24F-7D6B6C9B5034}.Release|Any CPU.ActiveCfg = Release|Any CPU
		{9353F98F-EA0C-4570-A24F-7D6B6C9B5034}.Release|Any CPU.Build.0 = Release|Any CPU
		{657B4780-8F2D-41C3-9DB8-F20BA27D217C}.Debug|Any CPU.ActiveCfg = Debug|Any CPU
		{657B4780-8F2D-41C3-9DB8-F20BA27D217C}.Debug|Any CPU.Build.0 = Debug|Any CPU
		{657B4780-8F2D-41C3-9DB8-F20BA27D217C}.Release|Any CPU.ActiveCfg = Release|Any CPU
		{657B4780-8F2D-41C3-9DB8-F20BA27D217C}.Release|Any CPU.Build.0 = Release|Any CPU
	EndGlobalSection
	GlobalSection(SolutionProperties) = preSolution
		HideSolutionNode = FALSE
	EndGlobalSection
	GlobalSection(ExtensibilityGlobals) = postSolution
		SolutionGuid = {A48D6709-F7C4-40D2-B23F-C0D119C11FD1}
	EndGlobalSection
EndGlobal
